
Microsoft Visual Studio Solution File, Format Version 12.00
# Visual Studio 15
VisualStudioVersion = 15.0.28010.2026
MinimumVisualStudioVersion = 10.0.40219.1
Project("{9A19103F-16F7-4668-BE54-9A1E7A4F7556}") = "SignalRChat", "SignalRChat\SignalRChat.csproj", "{D2271E88-2328-4DC2-BBBF-4A5156D93CCA}"
EndProject
Project("{FAE04EC0-301F-11D3-BF4B-00C04F79EFBC}") = "SignalRChat_Client", "SignalRChat_Client\SignalRChat_Client.csproj", "{3B718DAB-FCBD-4B1F-8C01-3DFB125CAE8B}"
EndProject
Project("{FAE04EC0-301F-11D3-BF4B-00C04F79EFBC}") = "SignalRChat.Interface", "SignalRChat.Interface\SignalRChat.Interface.csproj", "{D2C2141E-9603-48C5-ABD8-1A673F6800E2}"
EndProject
Global
	GlobalSection(SolutionConfigurationPlatforms) = preSolution
		Debug|Any CPU = Debug|Any CPU
		Release|Any CPU = Release|Any CPU
	EndGlobalSection
	GlobalSection(ProjectConfigurationPlatforms) = postSolution
		{D2271E88-2328-4DC2-BBBF-4A5156D93CCA}.Debug|Any CPU.ActiveCfg = Debug|Any CPU
		{D2271E88-2328-4DC2-BBBF-4A5156D93CCA}.Debug|Any CPU.Build.0 = Debug|Any CPU
		{D2271E88-2328-4DC2-BBBF-4A5156D93CCA}.Release|Any CPU.ActiveCfg = Release|Any CPU
		{D2271E88-2328-4DC2-BBBF-4A5156D93CCA}.Release|Any CPU.Build.0 = Release|Any CPU
		{3B718DAB-FCBD-4B1F-8C01-3DFB125CAE8B}.Debug|Any CPU.ActiveCfg = Debug|Any CPU
		{3B718DAB-FCBD-4B1F-8C01-3DFB125CAE8B}.Debug|Any CPU.Build.0 = Debug|Any CPU
		{3B718DAB-FCBD-4B1F-8C01-3DFB125CAE8B}.Release|Any CPU.ActiveCfg = Release|Any CPU
		{3B718DAB-FCBD-4B1F-8C01-3DFB125CAE8B}.Release|Any CPU.Build.0 = Release|Any CPU
		{D2C2141E-9603-48C5-ABD8-1A673F6800E2}.Debug|Any CPU.ActiveCfg = Debug|Any CPU
		{D2C2141E-9603-48C5-ABD8-1A673F6800E2}.Debug|Any CPU.Build.0 = Debug|Any CPU
		{D2C2141E-9603-48C5-ABD8-1A673F6800E2}.Release|Any CPU.ActiveCfg = Release|Any CPU
		{D2C2141E-9603-48C5-ABD8-1A673F6800E2}.Release|Any CPU.Build.0 = Release|Any CPU
	EndGlobalSection
	GlobalSection(SolutionProperties) = preSolution
		HideSolutionNode = FALSE
	EndGlobalSection
	GlobalSection(ExtensibilityGlobals) = postSolution
		SolutionGuid = {8274F031-A9B2-4A3D-8D4A-E9FCE9DFEF46}
	EndGlobalSection
EndGlobal
